# This file was autogenerated by Stack.
# You should not edit this file by hand.
# For more information, please see the documentation at:
#   https://docs.haskellstack.org/en/stable/lock_files

packages:
- completed:
    hackage: json-stream-0.4.5.2@sha256:b34974243d7d868f88caf9bfd587ba79cc4e83f92e1597c31128164cdd88bc2c,4983
    pantry-tree:
      sha256: 26ff7f5a390ceb168599552047392ad6f4835cd092fee2064b2c509652a72ac6
      size: 2122
  original:
    hackage: json-stream-0.4.5.2
- completed:
    hackage: streaming-utils-0.2.3.0@sha256:932c804c55c261e0d98fe0288fa11936ba972af9ff1f3758e8b2de5852b1a321,4093
    pantry-tree:
      sha256: 7406b6e5669a479898bf0509dd604345ae5e8aa6cb25016004043d0563ae8afd
      size: 623
  original:
    hackage: streaming-utils-0.2.3.0
snapshots:
- completed:
    sha256: adbc602422dde10cc330175da7de8609e70afc41449a7e2d6e8b1827aa0e5008
    size: 649342
    url: https://raw.githubusercontent.com/commercialhaskell/stackage-snapshots/master/lts/20/11.yaml
  original: lts-20.11
